{"version":4,"terraform_version":"1.8.3","serial":24,"lineage":"cfb9b083-120b-ad8a-adc0-75973b8b2d68","outputs":{"instance_public_ip":{"value":"13.236.134.77","type":"string"}},"resources":[{"mode":"managed","type":"aws_efs_file_system","name":"efs","provider":"provider[\"registry.opentofu.org/hashicorp/aws\"]","instances":[{"schema_version":0,"attributes":{"arn":"arn:aws:elasticfilesystem:ap-southeast-2:811596954365:file-system/fs-0d36bc95fa436a951","availability_zone_id":"","availability_zone_name":"","creation_token":"media-server-efs","dns_name":"fs-0d36bc95fa436a951.efs.ap-southeast-2.amazonaws.com","encrypted":false,"id":"fs-0d36bc95fa436a951","kms_key_id":"","lifecycle_policy":[],"name":"media-server-efs","number_of_mount_targets":1,"owner_id":"811596954365","performance_mode":"generalPurpose","protection":[{"replication_overwrite":"ENABLED"}],"provisioned_throughput_in_mibps":0,"size_in_bytes":[{"value":6144,"value_in_ia":0,"value_in_standard":6144}],"tags":{"Name":"media-server-efs"},"tags_all":{"Name":"media-server-efs"},"throughput_mode":"bursting"},"sensitive_attributes":[],"private":"bnVsbA=="}]},{"mode":"managed","type":"aws_efs_mount_target","name":"efs_mount","provider":"provider[\"registry.opentofu.org/hashicorp/aws\"]","instances":[{"schema_version":0,"attributes":{"availability_zone_id":"apse2-az2","availability_zone_name":"ap-southeast-2c","dns_name":"fs-0d36bc95fa436a951.efs.ap-southeast-2.amazonaws.com","file_system_arn":"arn:aws:elasticfilesystem:ap-southeast-2:811596954365:file-system/fs-0d36bc95fa436a951","file_system_id":"fs-0d36bc95fa436a951","id":"fsmt-068b0e30208aa4fe6","ip_address":"10.0.1.233","mount_target_dns_name":"ap-southeast-2c.fs-0d36bc95fa436a951.efs.ap-southeast-2.amazonaws.com","network_interface_id":"eni-0f58fb94ac90d7928","owner_id":"811596954365","security_groups":["sg-0bcb490a9247cf11c"],"subnet_id":"subnet-063c7015552f1cb56","timeouts":null},"sensitive_attributes":[],"private":"eyJlMmJmYjczMC1lY2FhLTExZTYtOGY4OC0zNDM2M2JjN2M0YzAiOnsiY3JlYXRlIjoxODAwMDAwMDAwMDAwLCJkZWxldGUiOjYwMDAwMDAwMDAwMH19","dependencies":["aws_efs_file_system.efs","aws_security_group.efs_sg","aws_subnet.media_server_public_subnet","aws_vpc.media_server"]}]},{"mode":"managed","type":"aws_instance","name":"media_server","provider":"provider[\"registry.opentofu.org/hashicorp/aws\"]","instances":[{"schema_version":1,"attributes":{"ami":"ami-001f2488b35ca8aad","arn":"arn:aws:ec2:ap-southeast-2:811596954365:instance/i-07370834868806f69","associate_public_ip_address":true,"availability_zone":"ap-southeast-2c","capacity_reservation_specification":[{"capacity_reservation_preference":"open","capacity_reservation_target":[]}],"cpu_core_count":1,"cpu_options":[{"amd_sev_snp":"","core_count":1,"threads_per_core":1}],"cpu_threads_per_core":1,"credit_specification":[{"cpu_credits":"standard"}],"disable_api_stop":false,"disable_api_termination":false,"ebs_block_device":[],"ebs_optimized":false,"enclave_options":[{"enabled":false}],"ephemeral_block_device":[],"get_password_data":false,"hibernation":false,"host_id":"","host_resource_group_arn":null,"iam_instance_profile":"","id":"i-07370834868806f69","instance_initiated_shutdown_behavior":"stop","instance_lifecycle":"","instance_market_options":[],"instance_state":"running","instance_type":"t2.micro","ipv6_address_count":0,"ipv6_addresses":[],"key_name":"media-server","launch_template":[],"maintenance_options":[{"auto_recovery":"default"}],"metadata_options":[{"http_endpoint":"enabled","http_protocol_ipv6":"disabled","http_put_response_hop_limit":2,"http_tokens":"required","instance_metadata_tags":"disabled"}],"monitoring":false,"network_interface":[],"outpost_arn":"","password_data":"","placement_group":"","placement_partition_number":0,"primary_network_interface_id":"eni-0bdbe42a5256981b3","private_dns":"ip-10-0-1-189.ap-southeast-2.compute.internal","private_dns_name_options":[{"enable_resource_name_dns_a_record":false,"enable_resource_name_dns_aaaa_record":false,"hostname_type":"ip-name"}],"private_ip":"10.0.1.189","public_dns":"","public_ip":"13.236.134.77","root_block_device":[{"delete_on_termination":true,"device_name":"/dev/sda1","encrypted":false,"iops":3000,"kms_key_id":"","tags":{},"tags_all":{},"throughput":125,"volume_id":"vol-0f2762b088b57057a","volume_size":8,"volume_type":"gp3"}],"secondary_private_ips":[],"security_groups":[],"source_dest_check":true,"spot_instance_request_id":"","subnet_id":"subnet-063c7015552f1cb56","tags":{"Name":"media-server"},"tags_all":{"Name":"media-server"},"tenancy":"default","timeouts":null,"user_data":"22a5d420d04ebaa70d6fc07a8db24ce1542d0bf4","user_data_base64":null,"user_data_replace_on_change":false,"volume_tags":null,"vpc_security_group_ids":["sg-00f24d0d030e1e5ae"]},"sensitive_attributes":[],"private":"eyJlMmJmYjczMC1lY2FhLTExZTYtOGY4OC0zNDM2M2JjN2M0YzAiOnsiY3JlYXRlIjo2MDAwMDAwMDAwMDAsImRlbGV0ZSI6MTIwMDAwMDAwMDAwMCwicmVhZCI6OTAwMDAwMDAwMDAwLCJ1cGRhdGUiOjYwMDAwMDAwMDAwMH0sInNjaGVtYV92ZXJzaW9uIjoiMSJ9","dependencies":["aws_efs_file_system.efs","aws_security_group.media_server_sg","aws_subnet.media_server_public_subnet","aws_vpc.media_server"]}]},{"mode":"managed","type":"aws_internet_gateway","name":"media_server_igw","provider":"provider[\"registry.opentofu.org/hashicorp/aws\"]","instances":[{"schema_version":0,"attributes":{"arn":"arn:aws:ec2:ap-southeast-2:811596954365:internet-gateway/igw-06761d798ea0648bf","id":"igw-06761d798ea0648bf","owner_id":"811596954365","tags":{"Name":"media-server-igw"},"tags_all":{"Name":"media-server-igw"},"timeouts":null,"vpc_id":"vpc-00d7e0687f07f8bc6"},"sensitive_attributes":[],"private":"eyJlMmJmYjczMC1lY2FhLTExZTYtOGY4OC0zNDM2M2JjN2M0YzAiOnsiY3JlYXRlIjoxMjAwMDAwMDAwMDAwLCJkZWxldGUiOjEyMDAwMDAwMDAwMDAsInVwZGF0ZSI6MTIwMDAwMDAwMDAwMH19","dependencies":["aws_vpc.media_server"]}]},{"mode":"managed","type":"aws_route_table","name":"media_server_public_rt","provider":"provider[\"registry.opentofu.org/hashicorp/aws\"]","instances":[{"schema_version":0,"attributes":{"arn":"arn:aws:ec2:ap-southeast-2:811596954365:route-table/rtb-066cbc526da53e8cd","id":"rtb-066cbc526da53e8cd","owner_id":"811596954365","propagating_vgws":[],"route":[{"carrier_gateway_id":"","cidr_block":"0.0.0.0/0","core_network_arn":"","destination_prefix_list_id":"","egress_only_gateway_id":"","gateway_id":"igw-06761d798ea0648bf","ipv6_cidr_block":"","local_gateway_id":"","nat_gateway_id":"","network_interface_id":"","transit_gateway_id":"","vpc_endpoint_id":"","vpc_peering_connection_id":""}],"tags":{"Name":"media-server-public-rt"},"tags_all":{"Name":"media-server-public-rt"},"timeouts":null,"vpc_id":"vpc-00d7e0687f07f8bc6"},"sensitive_attributes":[],"private":"eyJlMmJmYjczMC1lY2FhLTExZTYtOGY4OC0zNDM2M2JjN2M0YzAiOnsiY3JlYXRlIjozMDAwMDAwMDAwMDAsImRlbGV0ZSI6MzAwMDAwMDAwMDAwLCJ1cGRhdGUiOjEyMDAwMDAwMDAwMH19","dependencies":["aws_internet_gateway.media_server_igw","aws_vpc.media_server"]}]},{"mode":"managed","type":"aws_route_table_association","name":"media_server_public_rt_assoc","provider":"provider[\"registry.opentofu.org/hashicorp/aws\"]","instances":[{"schema_version":0,"attributes":{"gateway_id":"","id":"rtbassoc-0349beecf46c5eb88","route_table_id":"rtb-066cbc526da53e8cd","subnet_id":"subnet-063c7015552f1cb56","timeouts":null},"sensitive_attributes":[],"private":"eyJlMmJmYjczMC1lY2FhLTExZTYtOGY4OC0zNDM2M2JjN2M0YzAiOnsiY3JlYXRlIjozMDAwMDAwMDAwMDAsImRlbGV0ZSI6MzAwMDAwMDAwMDAwLCJ1cGRhdGUiOjEyMDAwMDAwMDAwMH19","dependencies":["aws_internet_gateway.media_server_igw","aws_route_table.media_server_public_rt","aws_subnet.media_server_public_subnet","aws_vpc.media_server"]}]},{"mode":"managed","type":"aws_security_group","name":"efs_sg","provider":"provider[\"registry.opentofu.org/hashicorp/aws\"]","instances":[{"schema_version":1,"attributes":{"arn":"arn:aws:ec2:ap-southeast-2:811596954365:security-group/sg-0bcb490a9247cf11c","description":"Security group for EFS","egress":[{"cidr_blocks":["0.0.0.0/0"],"description":"","from_port":0,"ipv6_cidr_blocks":[],"prefix_list_ids":[],"protocol":"-1","security_groups":[],"self":false,"to_port":0}],"id":"sg-0bcb490a9247cf11c","ingress":[{"cidr_blocks":["0.0.0.0/0"],"description":"","from_port":2049,"ipv6_cidr_blocks":[],"prefix_list_ids":[],"protocol":"tcp","security_groups":[],"self":false,"to_port":2049}],"name":"efs-sg","name_prefix":"","owner_id":"811596954365","revoke_rules_on_delete":false,"tags":{"Name":"efs-sg"},"tags_all":{"Name":"efs-sg"},"timeouts":null,"vpc_id":"vpc-00d7e0687f07f8bc6"},"sensitive_attributes":[],"private":"eyJlMmJmYjczMC1lY2FhLTExZTYtOGY4OC0zNDM2M2JjN2M0YzAiOnsiY3JlYXRlIjo2MDAwMDAwMDAwMDAsImRlbGV0ZSI6OTAwMDAwMDAwMDAwfSwic2NoZW1hX3ZlcnNpb24iOiIxIn0=","dependencies":["aws_vpc.media_server"]}]},{"mode":"managed","type":"aws_security_group","name":"media_server_sg","provider":"provider[\"registry.opentofu.org/hashicorp/aws\"]","instances":[{"schema_version":1,"attributes":{"arn":"arn:aws:ec2:ap-southeast-2:811596954365:security-group/sg-00f24d0d030e1e5ae","description":"Allow SSH, ICMP, HTTP, HTTPS traffic","egress":[{"cidr_blocks":["0.0.0.0/0"],"description":"","from_port":0,"ipv6_cidr_blocks":[],"prefix_list_ids":[],"protocol":"-1","security_groups":[],"self":false,"to_port":0}],"id":"sg-00f24d0d030e1e5ae","ingress":[{"cidr_blocks":["0.0.0.0/0"],"description":"","from_port":-1,"ipv6_cidr_blocks":[],"prefix_list_ids":[],"protocol":"icmp","security_groups":[],"self":false,"to_port":-1},{"cidr_blocks":["0.0.0.0/0"],"description":"","from_port":22,"ipv6_cidr_blocks":[],"prefix_list_ids":[],"protocol":"tcp","security_groups":[],"self":false,"to_port":22},{"cidr_blocks":["0.0.0.0/0"],"description":"","from_port":443,"ipv6_cidr_blocks":[],"prefix_list_ids":[],"protocol":"tcp","security_groups":[],"self":false,"to_port":443},{"cidr_blocks":["0.0.0.0/0"],"description":"","from_port":80,"ipv6_cidr_blocks":[],"prefix_list_ids":[],"protocol":"tcp","security_groups":[],"self":false,"to_port":80},{"cidr_blocks":["45.248.79.184/32"],"description":"","from_port":8096,"ipv6_cidr_blocks":[],"prefix_list_ids":[],"protocol":"tcp","security_groups":[],"self":false,"to_port":8096}],"name":"media-server-sg","name_prefix":"","owner_id":"811596954365","revoke_rules_on_delete":false,"tags":{"Name":"media-server-sg"},"tags_all":{"Name":"media-server-sg"},"timeouts":null,"vpc_id":"vpc-00d7e0687f07f8bc6"},"sensitive_attributes":[],"private":"eyJlMmJmYjczMC1lY2FhLTExZTYtOGY4OC0zNDM2M2JjN2M0YzAiOnsiY3JlYXRlIjo2MDAwMDAwMDAwMDAsImRlbGV0ZSI6OTAwMDAwMDAwMDAwfSwic2NoZW1hX3ZlcnNpb24iOiIxIn0=","dependencies":["aws_vpc.media_server"]}]},{"mode":"managed","type":"aws_subnet","name":"media_server_public_subnet","provider":"provider[\"registry.opentofu.org/hashicorp/aws\"]","instances":[{"schema_version":1,"attributes":{"arn":"arn:aws:ec2:ap-southeast-2:811596954365:subnet/subnet-063c7015552f1cb56","assign_ipv6_address_on_creation":false,"availability_zone":"ap-southeast-2c","availability_zone_id":"apse2-az2","cidr_block":"10.0.1.0/24","customer_owned_ipv4_pool":"","enable_dns64":false,"enable_lni_at_device_index":0,"enable_resource_name_dns_a_record_on_launch":false,"enable_resource_name_dns_aaaa_record_on_launch":false,"id":"subnet-063c7015552f1cb56","ipv6_cidr_block":"","ipv6_cidr_block_association_id":"","ipv6_native":false,"map_customer_owned_ip_on_launch":false,"map_public_ip_on_launch":true,"outpost_arn":"","owner_id":"811596954365","private_dns_hostname_type_on_launch":"ip-name","tags":{"Name":"media-server-public-subnet"},"tags_all":{"Name":"media-server-public-subnet"},"timeouts":null,"vpc_id":"vpc-00d7e0687f07f8bc6"},"sensitive_attributes":[],"private":"eyJlMmJmYjczMC1lY2FhLTExZTYtOGY4OC0zNDM2M2JjN2M0YzAiOnsiY3JlYXRlIjo2MDAwMDAwMDAwMDAsImRlbGV0ZSI6MTIwMDAwMDAwMDAwMH0sInNjaGVtYV92ZXJzaW9uIjoiMSJ9","dependencies":["aws_vpc.media_server"]}]},{"mode":"managed","type":"aws_vpc","name":"media_server","provider":"provider[\"registry.opentofu.org/hashicorp/aws\"]","instances":[{"schema_version":1,"attributes":{"arn":"arn:aws:ec2:ap-southeast-2:811596954365:vpc/vpc-00d7e0687f07f8bc6","assign_generated_ipv6_cidr_block":false,"cidr_block":"10.0.0.0/16","default_network_acl_id":"acl-05653c3a95f2d20b4","default_route_table_id":"rtb-03f1967488a8c9d5f","default_security_group_id":"sg-067552ba99c54d463","dhcp_options_id":"dopt-04b9e0679cec950e8","enable_dns_hostnames":false,"enable_dns_support":true,"enable_network_address_usage_metrics":false,"id":"vpc-00d7e0687f07f8bc6","instance_tenancy":"default","ipv4_ipam_pool_id":null,"ipv4_netmask_length":null,"ipv6_association_id":"","ipv6_cidr_block":"","ipv6_cidr_block_network_border_group":"","ipv6_ipam_pool_id":"","ipv6_netmask_length":0,"main_route_table_id":"rtb-03f1967488a8c9d5f","owner_id":"811596954365","tags":{"Name":"media-server-vpc"},"tags_all":{"Name":"media-server-vpc"}},"sensitive_attributes":[],"private":"eyJzY2hlbWFfdmVyc2lvbiI6IjEifQ=="}]}],"check_results":null}
